
Microsoft Visual Studio Solution File, Format Version 12.00
# Visual Studio 14
VisualStudioVersion = 14.0.25420.1
MinimumVisualStudioVersion = 10.0.40219.1
Project("{2150E333-8FDC-42A3-9474-1A3956D46DE8}") = "Data", "Data", "{9FBAE007-7325-4593-9D6E-61DE8C27F616}"
EndProject
Project("{2150E333-8FDC-42A3-9474-1A3956D46DE8}") = "Services", "Services", "{20F82BE3-3902-480A-9494-278A59AA58B8}"
EndProject
Project("{2150E333-8FDC-42A3-9474-1A3956D46DE8}") = "Client", "Client", "{D775BC63-966B-4C5D-BD51-02FF89102B7C}"
EndProject
Project("{FAE04EC0-301F-11D3-BF4B-00C04F79EFBC}") = "HotelSystem.Data", "Data\HotelSystem.Data\HotelSystem.Data.csproj", "{C8F24270-3605-4818-AAEE-372FAA3F9FD9}"
EndProject
Project("{FAE04EC0-301F-11D3-BF4B-00C04F79EFBC}") = "HotelSystem.Data.Models", "Data\HotelSystem.Data.Models\HotelSystem.Data.Models.csproj", "{89C475D0-3B65-40D6-B193-BA2DF3D18E2F}"
EndProject
Project("{FAE04EC0-301F-11D3-BF4B-00C04F79EFBC}") = "HotelSystem.Data.Common", "Data\HotelSystem.Data.Common\HotelSystem.Data.Common.csproj", "{26F56738-0128-4966-B259-A54B408713DE}"
EndProject
Global
	GlobalSection(SolutionConfigurationPlatforms) = preSolution
		Debug|Any CPU = Debug|Any CPU
		Release|Any CPU = Release|Any CPU
	EndGlobalSection
	GlobalSection(ProjectConfigurationPlatforms) = postSolution
		{C8F24270-3605-4818-AAEE-372FAA3F9FD9}.Debug|Any CPU.ActiveCfg = Debug|Any CPU
		{C8F24270-3605-4818-AAEE-372FAA3F9FD9}.Debug|Any CPU.Build.0 = Debug|Any CPU
		{C8F24270-3605-4818-AAEE-372FAA3F9FD9}.Release|Any CPU.ActiveCfg = Release|Any CPU
		{C8F24270-3605-4818-AAEE-372FAA3F9FD9}.Release|Any CPU.Build.0 = Release|Any CPU
		{89C475D0-3B65-40D6-B193-BA2DF3D18E2F}.Debug|Any CPU.ActiveCfg = Debug|Any CPU
		{89C475D0-3B65-40D6-B193-BA2DF3D18E2F}.Debug|Any CPU.Build.0 = Debug|Any CPU
		{89C475D0-3B65-40D6-B193-BA2DF3D18E2F}.Release|Any CPU.ActiveCfg = Release|Any CPU
		{89C475D0-3B65-40D6-B193-BA2DF3D18E2F}.Release|Any CPU.Build.0 = Release|Any CPU
		{26F56738-0128-4966-B259-A54B408713DE}.Debug|Any CPU.ActiveCfg = Debug|Any CPU
		{26F56738-0128-4966-B259-A54B408713DE}.Debug|Any CPU.Build.0 = Debug|Any CPU
		{26F56738-0128-4966-B259-A54B408713DE}.Release|Any CPU.ActiveCfg = Release|Any CPU
		{26F56738-0128-4966-B259-A54B408713DE}.Release|Any CPU.Build.0 = Release|Any CPU
	EndGlobalSection
	GlobalSection(SolutionProperties) = preSolution
		HideSolutionNode = FALSE
	EndGlobalSection
	GlobalSection(NestedProjects) = preSolution
		{C8F24270-3605-4818-AAEE-372FAA3F9FD9} = {9FBAE007-7325-4593-9D6E-61DE8C27F616}
		{89C475D0-3B65-40D6-B193-BA2DF3D18E2F} = {9FBAE007-7325-4593-9D6E-61DE8C27F616}
		{26F56738-0128-4966-B259-A54B408713DE} = {9FBAE007-7325-4593-9D6E-61DE8C27F616}
	EndGlobalSection
EndGlobal
